
Microsoft Visual Studio Solution File, Format Version 12.00
# Visual Studio 2013
VisualStudioVersion = 12.0.21005.1
MinimumVisualStudioVersion = 10.0.40219.1
Project("{888888A0-9F3D-457C-B088-3A5042F75D52}") = "ModelTensorflow", "ModelTensorflow\ModelTensorflow.pyproj", "{4C6163DB-2FB0-404F-86CB-E03AD8C0CF9D}"
EndProject
Global
	GlobalSection(SolutionConfigurationPlatforms) = preSolution
		Debug|Any CPU = Debug|Any CPU
		Release|Any CPU = Release|Any CPU
	EndGlobalSection
	GlobalSection(ProjectConfigurationPlatforms) = postSolution
		{4C6163DB-2FB0-404F-86CB-E03AD8C0CF9D}.Debug|Any CPU.ActiveCfg = Debug|Any CPU
		{4C6163DB-2FB0-404F-86CB-E03AD8C0CF9D}.Release|Any CPU.ActiveCfg = Release|Any CPU
	EndGlobalSection
	GlobalSection(SolutionProperties) = preSolution
		HideSolutionNode = FALSE
	EndGlobalSection
EndGlobal
